# This file is automatically @generated by Poetry 1.7.0 and should not be changed by hand.

[[package]]
name = "imgui"
version = "1.4.1"
description = "Cython-based Python bindings for dear imgui"
optional = false
python-versions = "*"
files = [
    {file = "imgui-1.4.1-cp27-cp27m-macosx_10_9_x86_64.whl", hash = "sha256:a07aa19cd61baaa854cdf241484c88f5a07f6765fb175129bc72d820c608b524"},
    {file = "imgui-1.4.1-cp27-cp27m-manylinux1_i686.whl", hash = "sha256:4aff47bbc35adf56c3bca6a5aabe584d671c972bbbb85056cfc789afc41bf901"},
    {file = "imgui-1.4.1-cp27-cp27m-manylinux1_x86_64.whl", hash = "sha256:e06907b31aad61a4579068d4f2e1ac3512c4c8e35a6db9d020386bbd3174f6d9"},
    {file = "imgui-1.4.1-cp27-cp27m-manylinux2010_i686.whl", hash = "sha256:692c16baf220f1c19acf7cfdb640a582a919369b862df65b37dfd5d7f08df76a"},
    {file = "imgui-1.4.1-cp27-cp27m-manylinux2010_x86_64.whl", hash = "sha256:9401091e42d5ceff590d0ce5a1a3bc8627c2301e83b3b40ecd0e976f43bd158e"},
    {file = "imgui-1.4.1-cp27-cp27mu-manylinux1_i686.whl", hash = "sha256:8ebbb96925c2173988b947c54f7ece580e19079547af3a9084d00fafae21a43f"},
    {file = "imgui-1.4.1-cp27-cp27mu-manylinux1_x86_64.whl", hash = "sha256:b1415c00ad7e25fcaa7ac4b68aac3beb24949607c3ea47450ad2b93ef466c3a9"},
    {file = "imgui-1.4.1-cp27-cp27mu-manylinux2010_i686.whl", hash = "sha256:d4fad53320c031851acf07624bbefcf26468cd49e3a20521fb7ea3fbd107bf23"},
    {file = "imgui-1.4.1-cp27-cp27mu-manylinux2010_x86_64.whl", hash = "sha256:5a7f96157339a07657919ed34fbff44e187e6a197fec180728111997687f1097"},
    {file = "imgui-1.4.1-cp35-cp35m-macosx_10_9_x86_64.whl", hash = "sha256:f5d3d5db29d34ab7fa2b4815d679d7aa8a4e10d5ddf637666a9ac4307558c318"},
    {file = "imgui-1.4.1-cp35-cp35m-manylinux1_i686.whl", hash = "sha256:4b88ec4e5a1a342dfbc2961de9b285512418e984cd721b61d3a86fbc813a7df0"},
    {file = "imgui-1.4.1-cp35-cp35m-manylinux1_x86_64.whl", hash = "sha256:9dfdeb1c19b3d0feeb73c80d3e72f547b42b4003686fbeb14bf6f6f253720062"},
    {file = "imgui-1.4.1-cp35-cp35m-manylinux2010_i686.whl", hash = "sha256:5874a048a04e8f2507e323eb2afabcd034c62d84dbc886f21d6e382cb8d67fa1"},
    {file = "imgui-1.4.1-cp35-cp35m-manylinux2010_x86_64.whl", hash = "sha256:5e84daae2c9ee3d6f39cab4a163cdc97e3b9681af81656953ceb3704f059d9d4"},
    {file = "imgui-1.4.1-cp35-cp35m-win32.whl", hash = "sha256:7713f1b08dafe8b74d7f862fac201aeef7f8b4ad60009a0edb3e312120fc5560"},
    {file = "imgui-1.4.1-cp35-cp35m-win_amd64.whl", hash = "sha256:2e0cd42fcfacacb15bf91d56e8930644fd447a2371703aa5bfd93f35d53a0392"},
    {file = "imgui-1.4.1-cp36-cp36m-macosx_10_9_x86_64.whl", hash = "sha256:08cb81a2de54ed3ecdeaabf055e228b0d1bdd439d0b694d2dd684d2e236ada82"},
    {file = "imgui-1.4.1-cp36-cp36m-manylinux_2_5_i686.manylinux1_i686.manylinux_2_12_i686.manylinux2010_i686.whl", hash = "sha256:64c21ca5aeb2fa22dfeb69515a97111367385714544741716912d100073df963"},
    {file = "imgui-1.4.1-cp36-cp36m-manylinux_2_5_x86_64.manylinux1_x86_64.manylinux_2_12_x86_64.manylinux2010_x86_64.whl", hash = "sha256:105c0b3f90bc7b27af7814f627ae58b0d81b51a27bb24300629e1f8df6952d16"},
    {file = "imgui-1.4.1-cp36-cp36m-win32.whl", hash = "sha256:597c61c17411f26841df17f7cc96df9a6b0d1425afe12e008a06c056b41449e1"},
    {file = "imgui-1.4.1-cp36-cp36m-win_amd64.whl", hash = "sha256:8fc6d6fdba376acdc8e51425d8bee51474ad2499fc018fedde7b740b574da94d"},
    {file = "imgui-1.4.1-cp37-cp37m-macosx_10_9_x86_64.whl", hash = "sha256:9ea67d4a94f4ded750123ce86125a2c1bc992cf7b13d212a8f4f9af88ced8724"},
    {file = "imgui-1.4.1-cp37-cp37m-manylinux_2_5_i686.manylinux1_i686.manylinux_2_12_i686.manylinux2010_i686.whl", hash = "sha256:fb72039aecf96e588f823f85c32e4fbe3f77dbe276b9ac75e21140057a2e2b29"},
    {file = "imgui-1.4.1-cp37-cp37m-manylinux_2_5_x86_64.manylinux1_x86_64.manylinux_2_12_x86_64.manylinux2010_x86_64.whl", hash = "sha256:00cf4be08ab8a8f1387c629f4b1cdf9e5f3e6bf4a537603ac7ea102b95f7b50b"},
    {file = "imgui-1.4.1-cp37-cp37m-win32.whl", hash = "sha256:87b3adc04ffb25df3d3a9159eeb871cde5a6c25f145d0c0024e32054c929d5aa"},
    {file = "imgui-1.4.1-cp37-cp37m-win_amd64.whl", hash = "sha256:2e8d1d868605a600fef9aeb95a31ce71fb8e4c296034c911973e94e6b373bb19"},
    {file = "imgui-1.4.1-cp38-cp38-macosx_10_9_x86_64.whl", hash = "sha256:a3c2f92a99b20eca177c4d3b1e1a9d005209b4961b2852d16134f1c786bd8218"},
    {file = "imgui-1.4.1-cp38-cp38-manylinux_2_5_i686.manylinux1_i686.manylinux_2_12_i686.manylinux2010_i686.whl", hash = "sha256:76d14e36c08da90954165f570b1879cb05fef852c1bf7740ef772efe6d98d632"},
    {file = "imgui-1.4.1-cp38-cp38-manylinux_2_5_x86_64.manylinux1_x86_64.manylinux_2_12_x86_64.manylinux2010_x86_64.whl", hash = "sha256:c0f64093f52c3c6f2a10bddfb545e01ba315852eb33537e6b632ef2bc2d5afc4"},
    {file = "imgui-1.4.1-cp38-cp38-win32.whl", hash = "sha256:c1e8e696c1f62f98ada41950de9416e1e95e1e3ae1e0d61cb79a0e6a0fe2254b"},
    {file = "imgui-1.4.1-cp38-cp38-win_amd64.whl", hash = "sha256:b90ba49b892242d9f61413ea1bd3c682a80680b724ba8e812b1b09d48a2c9bad"},
    {file = "imgui-1.4.1-cp39-cp39-macosx_10_9_x86_64.whl", hash = "sha256:542d3a6fb8a72580433ea3472a8f37a71fefb767a66276ba11e1418e70976678"},
    {file = "imgui-1.4.1-cp39-cp39-manylinux_2_5_i686.manylinux1_i686.manylinux_2_12_i686.manylinux2010_i686.whl", hash = "sha256:04ff253710b780ddaeb1f536bda08c0b50200ceef877df4d11f2f9f58b85156f"},
    {file = "imgui-1.4.1-cp39-cp39-manylinux_2_5_x86_64.manylinux1_x86_64.manylinux_2_12_x86_64.manylinux2010_x86_64.whl", hash = "sha256:3c8dc9c80d58e55f0006cb4193f2ed1c7ae26c945fe7115e17dbb23f9c13433c"},
    {file = "imgui-1.4.1-cp39-cp39-win32.whl", hash = "sha256:3a30a20629508e1dc80db9a0d0f7a10cacc6a798ad56b4d3165a3fd909cdde8d"},
    {file = "imgui-1.4.1-cp39-cp39-win_amd64.whl", hash = "sha256:8b015a1dd36425b1894474f2da8650a33bdc356540ceee0d1daf2b6a05d3c889"},
    {file = "imgui-1.4.1-pp37-pypy37_pp73-macosx_10_9_x86_64.whl", hash = "sha256:367625de69884d5161ff055a2aab74fb2b221d5e55f22b13d6863381ea9dba2f"},
    {file = "imgui-1.4.1-pp37-pypy37_pp73-manylinux_2_5_i686.manylinux1_i686.manylinux_2_12_i686.manylinux2010_i686.whl", hash = "sha256:5418e3ad67311532345cca4695a0ef452a0397a790c7e8015d4764783cdbe646"},
    {file = "imgui-1.4.1-pp37-pypy37_pp73-manylinux_2_5_x86_64.manylinux1_x86_64.manylinux_2_12_x86_64.manylinux2010_x86_64.whl", hash = "sha256:516e1e7cefa69a3568456e32eb3d536b7560cd29a59d16d9308cb4781b2e8350"},
    {file = "imgui-1.4.1-pp37-pypy37_pp73-win_amd64.whl", hash = "sha256:9b90c89f420eed37c09a618e9fe93066d1c4cbbd27da4da9095d1d3c98860d1f"},
    {file = "imgui-1.4.1.tar.gz", hash = "sha256:012fd8d581171bd04ebfa649ca92c7f382a2806c7027bc7c31c8b39899899e7d"},
]

[package.extras]
cocos2d = ["PyOpenGL", "cocos2d", "pyglet (>=1.5.6)"]
cython = ["Cython (>=0.24,<0.30)"]
full = ["Cython (>=0.24,<0.30)", "PyOpenGL", "PySDL2", "cocos2d", "glfw", "pygame", "pyglet", "pyglet (>=1.5.6)"]
glfw = ["PyOpenGL", "glfw"]
opengl = ["PyOpenGL"]
pygame = ["PyOpenGL", "pygame"]
pyglet = ["PyOpenGL", "pyglet", "pyglet (>=1.5.6)"]
sdl2 = ["PyOpenGL", "PySDL2"]

[[package]]
name = "numpy"
version = "1.26.1"
description = "Fundamental package for array computing in Python"
optional = false
python-versions = "<3.13,>=3.9"
files = [
    {file = "numpy-1.26.1-cp310-cp310-macosx_10_9_x86_64.whl", hash = "sha256:82e871307a6331b5f09efda3c22e03c095d957f04bf6bc1804f30048d0e5e7af"},
    {file = "numpy-1.26.1-cp310-cp310-macosx_11_0_arm64.whl", hash = "sha256:cdd9ec98f0063d93baeb01aad472a1a0840dee302842a2746a7a8e92968f9575"},
    {file = "numpy-1.26.1-cp310-cp310-manylinux_2_17_aarch64.manylinux2014_aarch64.whl", hash = "sha256:d78f269e0c4fd365fc2992c00353e4530d274ba68f15e968d8bc3c69ce5f5244"},
    {file = "numpy-1.26.1-cp310-cp310-manylinux_2_17_x86_64.manylinux2014_x86_64.whl", hash = "sha256:8ab9163ca8aeb7fd32fe93866490654d2f7dda4e61bc6297bf72ce07fdc02f67"},
    {file = "numpy-1.26.1-cp310-cp310-musllinux_1_1_x86_64.whl", hash = "sha256:78ca54b2f9daffa5f323f34cdf21e1d9779a54073f0018a3094ab907938331a2"},
    {file = "numpy-1.26.1-cp310-cp310-win32.whl", hash = "sha256:d1cfc92db6af1fd37a7bb58e55c8383b4aa1ba23d012bdbba26b4bcca45ac297"},
    {file = "numpy-1.26.1-cp310-cp310-win_amd64.whl", hash = "sha256:d2984cb6caaf05294b8466966627e80bf6c7afd273279077679cb010acb0e5ab"},
    {file = "numpy-1.26.1-cp311-cp311-macosx_10_9_x86_64.whl", hash = "sha256:cd7837b2b734ca72959a1caf3309457a318c934abef7a43a14bb984e574bbb9a"},
    {file = "numpy-1.26.1-cp311-cp311-macosx_11_0_arm64.whl", hash = "sha256:1c59c046c31a43310ad0199d6299e59f57a289e22f0f36951ced1c9eac3665b9"},
    {file = "numpy-1.26.1-cp311-cp311-manylinux_2_17_aarch64.manylinux2014_aarch64.whl", hash = "sha256:d58e8c51a7cf43090d124d5073bc29ab2755822181fcad978b12e144e5e5a4b3"},
    {file = "numpy-1.26.1-cp311-cp311-manylinux_2_17_x86_64.manylinux2014_x86_64.whl", hash = "sha256:6081aed64714a18c72b168a9276095ef9155dd7888b9e74b5987808f0dd0a974"},
    {file = "numpy-1.26.1-cp311-cp311-musllinux_1_1_x86_64.whl", hash = "sha256:97e5d6a9f0702c2863aaabf19f0d1b6c2628fbe476438ce0b5ce06e83085064c"},
    {file = "numpy-1.26.1-cp311-cp311-win32.whl", hash = "sha256:b9d45d1dbb9de84894cc50efece5b09939752a2d75aab3a8b0cef6f3a35ecd6b"},
    {file = "numpy-1.26.1-cp311-cp311-win_amd64.whl", hash = "sha256:3649d566e2fc067597125428db15d60eb42a4e0897fc48d28cb75dc2e0454e53"},
    {file = "numpy-1.26.1-cp312-cp312-macosx_10_9_x86_64.whl", hash = "sha256:1d1bd82d539607951cac963388534da3b7ea0e18b149a53cf883d8f699178c0f"},
    {file = "numpy-1.26.1-cp312-cp312-macosx_11_0_arm64.whl", hash = "sha256:afd5ced4e5a96dac6725daeb5242a35494243f2239244fad10a90ce58b071d24"},
    {file = "numpy-1.26.1-cp312-cp312-manylinux_2_17_aarch64.manylinux2014_aarch64.whl", hash = "sha256:a03fb25610ef560a6201ff06df4f8105292ba56e7cdd196ea350d123fc32e24e"},
    {file = "numpy-1.26.1-cp312-cp312-manylinux_2_17_x86_64.manylinux2014_x86_64.whl", hash = "sha256:dcfaf015b79d1f9f9c9fd0731a907407dc3e45769262d657d754c3a028586124"},
    {file = "numpy-1.26.1-cp312-cp312-musllinux_1_1_x86_64.whl", hash = "sha256:e509cbc488c735b43b5ffea175235cec24bbc57b227ef1acc691725beb230d1c"},
    {file = "numpy-1.26.1-cp312-cp312-win32.whl", hash = "sha256:af22f3d8e228d84d1c0c44c1fbdeb80f97a15a0abe4f080960393a00db733b66"},
    {file = "numpy-1.26.1-cp312-cp312-win_amd64.whl", hash = "sha256:9f42284ebf91bdf32fafac29d29d4c07e5e9d1af862ea73686581773ef9e73a7"},
    {file = "numpy-1.26.1-cp39-cp39-macosx_10_9_x86_64.whl", hash = "sha256:bb894accfd16b867d8643fc2ba6c8617c78ba2828051e9a69511644ce86ce83e"},
    {file = "numpy-1.26.1-cp39-cp39-macosx_11_0_arm64.whl", hash = "sha256:e44ccb93f30c75dfc0c3aa3ce38f33486a75ec9abadabd4e59f114994a9c4617"},
    {file = "numpy-1.26.1-cp39-cp39-manylinux_2_17_aarch64.manylinux2014_aarch64.whl", hash = "sha256:9696aa2e35cc41e398a6d42d147cf326f8f9d81befcb399bc1ed7ffea339b64e"},
    {file = "numpy-1.26.1-cp39-cp39-manylinux_2_17_x86_64.manylinux2014_x86_64.whl", hash = "sha256:a5b411040beead47a228bde3b2241100454a6abde9df139ed087bd73fc0a4908"},
    {file = "numpy-1.26.1-cp39-cp39-musllinux_1_1_x86_64.whl", hash = "sha256:1e11668d6f756ca5ef534b5be8653d16c5352cbb210a5c2a79ff288e937010d5"},
    {file = "numpy-1.26.1-cp39-cp39-win32.whl", hash = "sha256:d1d2c6b7dd618c41e202c59c1413ef9b2c8e8a15f5039e344af64195459e3104"},
    {file = "numpy-1.26.1-cp39-cp39-win_amd64.whl", hash = "sha256:59227c981d43425ca5e5c01094d59eb14e8772ce6975d4b2fc1e106a833d5ae2"},
    {file = "numpy-1.26.1-pp39-pypy39_pp73-macosx_10_9_x86_64.whl", hash = "sha256:06934e1a22c54636a059215d6da99e23286424f316fddd979f5071093b648668"},
    {file = "numpy-1.26.1-pp39-pypy39_pp73-manylinux_2_17_x86_64.manylinux2014_x86_64.whl", hash = "sha256:76ff661a867d9272cd2a99eed002470f46dbe0943a5ffd140f49be84f68ffc42"},
    {file = "numpy-1.26.1-pp39-pypy39_pp73-win_amd64.whl", hash = "sha256:6965888d65d2848e8768824ca8288db0a81263c1efccec881cb35a0d805fcd2f"},
    {file = "numpy-1.26.1.tar.gz", hash = "sha256:c8c6c72d4a9f831f328efb1312642a1cafafaa88981d9ab76368d50d07d93cbe"},
]

[[package]]
name = "pillow"
version = "10.1.0"
description = "Python Imaging Library (Fork)"
optional = false
python-versions = ">=3.8"
files = [
    {file = "Pillow-10.1.0-cp310-cp310-macosx_10_10_x86_64.whl", hash = "sha256:1ab05f3db77e98f93964697c8efc49c7954b08dd61cff526b7f2531a22410106"},
    {file = "Pillow-10.1.0-cp310-cp310-macosx_11_0_arm64.whl", hash = "sha256:6932a7652464746fcb484f7fc3618e6503d2066d853f68a4bd97193a3996e273"},
    {file = "Pillow-10.1.0-cp310-cp310-manylinux_2_17_aarch64.manylinux2014_aarch64.whl", hash = "sha256:a5f63b5a68daedc54c7c3464508d8c12075e56dcfbd42f8c1bf40169061ae666"},
    {file = "Pillow-10.1.0-cp310-cp310-manylinux_2_17_x86_64.manylinux2014_x86_64.whl", hash = "sha256:c0949b55eb607898e28eaccb525ab104b2d86542a85c74baf3a6dc24002edec2"},
    {file = "Pillow-10.1.0-cp310-cp310-manylinux_2_28_aarch64.whl", hash = "sha256:ae88931f93214777c7a3aa0a8f92a683f83ecde27f65a45f95f22d289a69e593"},
    {file = "Pillow-10.1.0-cp310-cp310-manylinux_2_28_x86_64.whl", hash = "sha256:b0eb01ca85b2361b09480784a7931fc648ed8b7836f01fb9241141b968feb1db"},
    {file = "Pillow-10.1.0-cp310-cp310-musllinux_1_1_aarch64.whl", hash = "sha256:d27b5997bdd2eb9fb199982bb7eb6164db0426904020dc38c10203187ae2ff2f"},
    {file = "Pillow-10.1.0-cp310-cp310-musllinux_1_1_x86_64.whl", hash = "sha256:7df5608bc38bd37ef585ae9c38c9cd46d7c81498f086915b0f97255ea60c2818"},
    {file = "Pillow-10.1.0-cp310-cp310-win_amd64.whl", hash = "sha256:41f67248d92a5e0a2076d3517d8d4b1e41a97e2df10eb8f93106c89107f38b57"},
    {file = "Pillow-10.1.0-cp311-cp311-macosx_10_10_x86_64.whl", hash = "sha256:1fb29c07478e6c06a46b867e43b0bcdb241b44cc52be9bc25ce5944eed4648e7"},
    {file = "Pillow-10.1.0-cp311-cp311-macosx_11_0_arm64.whl", hash = "sha256:2cdc65a46e74514ce742c2013cd4a2d12e8553e3a2563c64879f7c7e4d28bce7"},
    {file = "Pillow-10.1.0-cp311-cp311-manylinux_2_17_aarch64.manylinux2014_aarch64.whl", hash = "sha256:50d08cd0a2ecd2a8657bd3d82c71efd5a58edb04d9308185d66c3a5a5bed9610"},
    {file = "Pillow-10.1.0-cp311-cp311-manylinux_2_17_x86_64.manylinux2014_x86_64.whl", hash = "sha256:062a1610e3bc258bff2328ec43f34244fcec972ee0717200cb1425214fe5b839"},
    {file = "Pillow-10.1.0-cp311-cp311-manylinux_2_28_aarch64.whl", hash = "sha256:61f1a9d247317fa08a308daaa8ee7b3f760ab1809ca2da14ecc88ae4257d6172"},
    {file = "Pillow-10.1.0-cp311-cp311-manylinux_2_28_x86_64.whl", hash = "sha256:a646e48de237d860c36e0db37ecaecaa3619e6f3e9d5319e527ccbc8151df061"},
    {file = "Pillow-10.1.0-cp311-cp311-musllinux_1_1_aarch64.whl", hash = "sha256:47e5bf85b80abc03be7455c95b6d6e4896a62f6541c1f2ce77a7d2bb832af262"},
    {file = "Pillow-10.1.0-cp311-cp311-musllinux_1_1_x86_64.whl", hash = "sha256:a92386125e9ee90381c3369f57a2a50fa9e6aa8b1cf1d9c4b200d41a7dd8e992"},
    {file = "Pillow-10.1.0-cp311-cp311-win_amd64.whl", hash = "sha256:0f7c276c05a9767e877a0b4c5050c8bee6a6d960d7f0c11ebda6b99746068c2a"},
    {file = "Pillow-10.1.0-cp312-cp312-macosx_10_10_x86_64.whl", hash = "sha256:a89b8312d51715b510a4fe9fc13686283f376cfd5abca8cd1c65e4c76e21081b"},
    {file = "Pillow-10.1.0-cp312-cp312-macosx_11_0_arm64.whl", hash = "sha256:00f438bb841382b15d7deb9a05cc946ee0f2c352653c7aa659e75e592f6fa17d"},
    {file = "Pillow-10.1.0-cp312-cp312-manylinux_2_17_aarch64.manylinux2014_aarch64.whl", hash = "sha256:3d929a19f5469b3f4df33a3df2983db070ebb2088a1e145e18facbc28cae5b27"},
    {file = "Pillow-10.1.0-cp312-cp312-manylinux_2_17_x86_64.manylinux2014_x86_64.whl", hash = "sha256:9a92109192b360634a4489c0c756364c0c3a2992906752165ecb50544c251312"},
    {file = "Pillow-10.1.0-cp312-cp312-manylinux_2_28_aarch64.whl", hash = "sha256:0248f86b3ea061e67817c47ecbe82c23f9dd5d5226200eb9090b3873d3ca32de"},
    {file = "Pillow-10.1.0-cp312-cp312-manylinux_2_28_x86_64.whl", hash = "sha256:9882a7451c680c12f232a422730f986a1fcd808da0fd428f08b671237237d651"},
    {file = "Pillow-10.1.0-cp312-cp312-musllinux_1_1_aarch64.whl", hash = "sha256:1c3ac5423c8c1da5928aa12c6e258921956757d976405e9467c5f39d1d577a4b"},
    {file = "Pillow-10.1.0-cp312-cp312-musllinux_1_1_x86_64.whl", hash = "sha256:806abdd8249ba3953c33742506fe414880bad78ac25cc9a9b1c6ae97bedd573f"},
    {file = "Pillow-10.1.0-cp312-cp312-win_amd64.whl", hash = "sha256:eaed6977fa73408b7b8a24e8b14e59e1668cfc0f4c40193ea7ced8e210adf996"},
    {file = "Pillow-10.1.0-cp38-cp38-macosx_10_10_x86_64.whl", hash = "sha256:fe1e26e1ffc38be097f0ba1d0d07fcade2bcfd1d023cda5b29935ae8052bd793"},
    {file = "Pillow-10.1.0-cp38-cp38-macosx_11_0_arm64.whl", hash = "sha256:7a7e3daa202beb61821c06d2517428e8e7c1aab08943e92ec9e5755c2fc9ba5e"},
    {file = "Pillow-10.1.0-cp38-cp38-manylinux_2_17_aarch64.manylinux2014_aarch64.whl", hash = "sha256:24fadc71218ad2b8ffe437b54876c9382b4a29e030a05a9879f615091f42ffc2"},
    {file = "Pillow-10.1.0-cp38-cp38-manylinux_2_17_x86_64.manylinux2014_x86_64.whl", hash = "sha256:fa1d323703cfdac2036af05191b969b910d8f115cf53093125e4058f62012c9a"},
    {file = "Pillow-10.1.0-cp38-cp38-manylinux_2_28_aarch64.whl", hash = "sha256:912e3812a1dbbc834da2b32299b124b5ddcb664ed354916fd1ed6f193f0e2d01"},
    {file = "Pillow-10.1.0-cp38-cp38-manylinux_2_28_x86_64.whl", hash = "sha256:7dbaa3c7de82ef37e7708521be41db5565004258ca76945ad74a8e998c30af8d"},
    {file = "Pillow-10.1.0-cp38-cp38-musllinux_1_1_aarch64.whl", hash = "sha256:9d7bc666bd8c5a4225e7ac71f2f9d12466ec555e89092728ea0f5c0c2422ea80"},
    {file = "Pillow-10.1.0-cp38-cp38-musllinux_1_1_x86_64.whl", hash = "sha256:baada14941c83079bf84c037e2d8b7506ce201e92e3d2fa0d1303507a8538212"},
    {file = "Pillow-10.1.0-cp38-cp38-win_amd64.whl", hash = "sha256:2ef6721c97894a7aa77723740a09547197533146fba8355e86d6d9a4a1056b14"},
    {file = "Pillow-10.1.0-cp39-cp39-macosx_10_10_x86_64.whl", hash = "sha256:0a026c188be3b443916179f5d04548092e253beb0c3e2ee0a4e2cdad72f66099"},
    {file = "Pillow-10.1.0-cp39-cp39-macosx_11_0_arm64.whl", hash = "sha256:04f6f6149f266a100374ca3cc368b67fb27c4af9f1cc8cb6306d849dcdf12616"},
    {file = "Pillow-10.1.0-cp39-cp39-manylinux_2_17_aarch64.manylinux2014_aarch64.whl", hash = "sha256:bb40c011447712d2e19cc261c82655f75f32cb724788df315ed992a4d65696bb"},
    {file = "Pillow-10.1.0-cp39-cp39-manylinux_2_17_x86_64.manylinux2014_x86_64.whl", hash = "sha256:1a8413794b4ad9719346cd9306118450b7b00d9a15846451549314a58ac42219"},
    {file = "Pillow-10.1.0-cp39-cp39-manylinux_2_28_aarch64.whl", hash = "sha256:c9aeea7b63edb7884b031a35305629a7593272b54f429a9869a4f63a1bf04c34"},
    {file = "Pillow-10.1.0-cp39-cp39-manylinux_2_28_x86_64.whl", hash = "sha256:b4005fee46ed9be0b8fb42be0c20e79411533d1fd58edabebc0dd24626882cfd"},
    {file = "Pillow-10.1.0-cp39-cp39-musllinux_1_1_aarch64.whl", hash = "sha256:4d0152565c6aa6ebbfb1e5d8624140a440f2b99bf7afaafbdbf6430426497f28"},
    {file = "Pillow-10.1.0-cp39-cp39-musllinux_1_1_x86_64.whl", hash = "sha256:d921bc90b1defa55c9917ca6b6b71430e4286fc9e44c55ead78ca1a9f9eba5f2"},
    {file = "Pillow-10.1.0-cp39-cp39-win_amd64.whl", hash = "sha256:cfe96560c6ce2f4c07d6647af2d0f3c54cc33289894ebd88cfbb3bcd5391e256"},
    {file = "Pillow-10.1.0-pp310-pypy310_pp73-macosx_10_10_x86_64.whl", hash = "sha256:937bdc5a7f5343d1c97dc98149a0be7eb9704e937fe3dc7140e229ae4fc572a7"},
    {file = "Pillow-10.1.0-pp310-pypy310_pp73-manylinux_2_17_x86_64.manylinux2014_x86_64.whl", hash = "sha256:b1c25762197144e211efb5f4e8ad656f36c8d214d390585d1d21281f46d556ba"},
    {file = "Pillow-10.1.0-pp310-pypy310_pp73-manylinux_2_28_x86_64.whl", hash = "sha256:afc8eef765d948543a4775f00b7b8c079b3321d6b675dde0d02afa2ee23000b4"},
    {file = "Pillow-10.1.0-pp310-pypy310_pp73-win_amd64.whl", hash = "sha256:883f216eac8712b83a63f41b76ddfb7b2afab1b74abbb413c5df6680f071a6b9"},
    {file = "Pillow-10.1.0-pp39-pypy39_pp73-macosx_10_10_x86_64.whl", hash = "sha256:b920e4d028f6442bea9a75b7491c063f0b9a3972520731ed26c83e254302eb1e"},
    {file = "Pillow-10.1.0-pp39-pypy39_pp73-manylinux_2_17_x86_64.manylinux2014_x86_64.whl", hash = "sha256:1c41d960babf951e01a49c9746f92c5a7e0d939d1652d7ba30f6b3090f27e412"},
    {file = "Pillow-10.1.0-pp39-pypy39_pp73-manylinux_2_28_x86_64.whl", hash = "sha256:1fafabe50a6977ac70dfe829b2d5735fd54e190ab55259ec8aea4aaea412fa0b"},
    {file = "Pillow-10.1.0-pp39-pypy39_pp73-win_amd64.whl", hash = "sha256:3b834f4b16173e5b92ab6566f0473bfb09f939ba14b23b8da1f54fa63e4b623f"},
    {file = "Pillow-10.1.0.tar.gz", hash = "sha256:e6bf8de6c36ed96c86ea3b6e1d5273c53f46ef518a062464cd7ef5dd2cf92e38"},
]

[package.extras]
docs = ["furo", "olefile", "sphinx (>=2.4)", "sphinx-copybutton", "sphinx-inline-tabs", "sphinx-removed-in", "sphinxext-opengraph"]
tests = ["check-manifest", "coverage", "defusedxml", "markdown2", "olefile", "packaging", "pyroma", "pytest", "pytest-cov", "pytest-timeout"]

[[package]]
name = "pyopengl"
version = "3.1.6"
description = "Standard OpenGL bindings for Python"
optional = false
python-versions = "*"
files = [
    {file = "PyOpenGL-3.1.6-py2-none-any.whl", hash = "sha256:57c597d989178e1413002df6b923619f6d29807501dece1c60cc6f12c0c8e8a7"},
    {file = "PyOpenGL-3.1.6-py3-none-any.whl", hash = "sha256:a7139bc3e15d656feae1f7e3ef68c799941ed43fadc78177a23db7e946c20738"},
    {file = "PyOpenGL-3.1.6.tar.gz", hash = "sha256:8ea6c8773927eda7405bffc6f5bb93be81569a7b05c8cac50cd94e969dce5e27"},
]

[[package]]
name = "pysdl2"
version = "0.9.6"
description = "Python SDL2 bindings"
optional = false
python-versions = "*"
files = [
    {file = "PySDL2-0.9.6.tar.gz", hash = "sha256:b52acab5493a77b08c2afee1f385769fc2005f17cfeaf1886eff22dc78da2123"},
]

[[package]]
name = "pysdl2-dll"
version = "2.24.0"
description = "Pre-built SDL2 binaries for PySDL2"
optional = false
python-versions = "*"
files = [
    {file = "pysdl2-dll-2.24.0.tar.gz", hash = "sha256:0495318e7b0e2c12508a794c4d0dea3091ccc787806830c3132789ddd013b10b"},
    {file = "pysdl2_dll-2.24.0-py2.py3-none-macosx_10_7_universal2.whl", hash = "sha256:bc4940d47d88de54d7558f37114a4454fc3c98755feb57a4ce971e31bcc1c04c"},
    {file = "pysdl2_dll-2.24.0-py2.py3-none-macosx_10_7_x86_64.whl", hash = "sha256:af828994536be5d957a61b9778274f3e25b7f1e938fa05d76abd013ae0f278dc"},
    {file = "pysdl2_dll-2.24.0-py2.py3-none-manylinux2014_i686.whl", hash = "sha256:76d2a44b94bb62200678d4e403e81375176e110c419b1577210445dd9c67428e"},
    {file = "pysdl2_dll-2.24.0-py2.py3-none-manylinux2014_x86_64.whl", hash = "sha256:4cd992e638a17dc6e08bcb63f760c3f29f7f5773971719bf0032ed2caa117192"},
    {file = "pysdl2_dll-2.24.0-py2.py3-none-manylinux_2_24_aarch64.whl", hash = "sha256:fdb5d1bacacca0c696eeab1f5a6fb653ecb686e29e0b2315689a665237b3c6ce"},
    {file = "pysdl2_dll-2.24.0-py2.py3-none-manylinux_2_24_x86_64.whl", hash = "sha256:5c18c1574cf857e81527db36060b897d8382d91b227767959d3972d5e2c0a5c7"},
    {file = "pysdl2_dll-2.24.0-py2.py3-none-win32.whl", hash = "sha256:1096d57f65b64340281a97dd4fc947f188093c9b4aae41a528ae88384abe0243"},
    {file = "pysdl2_dll-2.24.0-py2.py3-none-win_amd64.whl", hash = "sha256:9487a224316d9b049b4ed7454ed6c15d342ba1dc2db2743d3b08f6e41d58bff2"},
]

[[package]]
name = "shapely"
version = "2.0.2"
description = "Manipulation and analysis of geometric objects"
optional = false
python-versions = ">=3.7"
files = [
    {file = "shapely-2.0.2-cp310-cp310-macosx_10_9_universal2.whl", hash = "sha256:6ca8cffbe84ddde8f52b297b53f8e0687bd31141abb2c373fd8a9f032df415d6"},
    {file = "shapely-2.0.2-cp310-cp310-macosx_10_9_x86_64.whl", hash = "sha256:baa14fc27771e180c06b499a0a7ba697c7988c7b2b6cba9a929a19a4d2762de3"},
    {file = "shapely-2.0.2-cp310-cp310-macosx_11_0_arm64.whl", hash = "sha256:36480e32c434d168cdf2f5e9862c84aaf4d714a43a8465ae3ce8ff327f0affb7"},
    {file = "shapely-2.0.2-cp310-cp310-manylinux_2_17_aarch64.manylinux2014_aarch64.whl", hash = "sha256:4ef753200cbffd4f652efb2c528c5474e5a14341a473994d90ad0606522a46a2"},
    {file = "shapely-2.0.2-cp310-cp310-manylinux_2_17_x86_64.manylinux2014_x86_64.whl", hash = "sha256:a9a41ff4323fc9d6257759c26eb1cf3a61ebc7e611e024e6091f42977303fd3a"},
    {file = "shapely-2.0.2-cp310-cp310-win32.whl", hash = "sha256:72b5997272ae8c25f0fd5b3b967b3237e87fab7978b8d6cd5fa748770f0c5d68"},
    {file = "shapely-2.0.2-cp310-cp310-win_amd64.whl", hash = "sha256:34eac2337cbd67650248761b140d2535855d21b969d76d76123317882d3a0c1a"},
    {file = "shapely-2.0.2-cp311-cp311-macosx_10_9_universal2.whl", hash = "sha256:5b0c052709c8a257c93b0d4943b0b7a3035f87e2d6a8ac9407b6a992d206422f"},
    {file = "shapely-2.0.2-cp311-cp311-macosx_10_9_x86_64.whl", hash = "sha256:2d217e56ae067e87b4e1731d0dc62eebe887ced729ba5c2d4590e9e3e9fdbd88"},
    {file = "shapely-2.0.2-cp311-cp311-macosx_11_0_arm64.whl", hash = "sha256:94ac128ae2ab4edd0bffcd4e566411ea7bdc738aeaf92c32a8a836abad725f9f"},
    {file = "shapely-2.0.2-cp311-cp311-manylinux_2_17_aarch64.manylinux2014_aarch64.whl", hash = "sha256:fa3ee28f5e63a130ec5af4dc3c4cb9c21c5788bb13c15e89190d163b14f9fb89"},
    {file = "shapely-2.0.2-cp311-cp311-manylinux_2_17_x86_64.manylinux2014_x86_64.whl", hash = "sha256:737dba15011e5a9b54a8302f1748b62daa207c9bc06f820cd0ad32a041f1c6f2"},
    {file = "shapely-2.0.2-cp311-cp311-win32.whl", hash = "sha256:45ac6906cff0765455a7b49c1670af6e230c419507c13e2f75db638c8fc6f3bd"},
    {file = "shapely-2.0.2-cp311-cp311-win_amd64.whl", hash = "sha256:dc9342fc82e374130db86a955c3c4525bfbf315a248af8277a913f30911bed9e"},
    {file = "shapely-2.0.2-cp312-cp312-macosx_10_9_universal2.whl", hash = "sha256:06f193091a7c6112fc08dfd195a1e3846a64306f890b151fa8c63b3e3624202c"},
    {file = "shapely-2.0.2-cp312-cp312-macosx_10_9_x86_64.whl", hash = "sha256:eebe544df5c018134f3c23b6515877f7e4cd72851f88a8d0c18464f414d141a2"},
    {file = "shapely-2.0.2-cp312-cp312-macosx_11_0_arm64.whl", hash = "sha256:7e92e7c255f89f5cdf777690313311f422aa8ada9a3205b187113274e0135cd8"},
    {file = "shapely-2.0.2-cp312-cp312-manylinux_2_17_aarch64.manylinux2014_aarch64.whl", hash = "sha256:be46d5509b9251dd9087768eaf35a71360de6afac82ce87c636990a0871aa18b"},
    {file = "shapely-2.0.2-cp312-cp312-manylinux_2_17_x86_64.manylinux2014_x86_64.whl", hash = "sha256:a5533a925d8e211d07636ffc2fdd9a7f9f13d54686d00577eeb11d16f00be9c4"},
    {file = "shapely-2.0.2-cp312-cp312-win32.whl", hash = "sha256:084b023dae8ad3d5b98acee9d3bf098fdf688eb0bb9b1401e8b075f6a627b611"},
    {file = "shapely-2.0.2-cp312-cp312-win_amd64.whl", hash = "sha256:ea84d1cdbcf31e619d672b53c4532f06253894185ee7acb8ceb78f5f33cbe033"},
    {file = "shapely-2.0.2-cp37-cp37m-macosx_10_9_x86_64.whl", hash = "sha256:ed1e99702125e7baccf401830a3b94d810d5c70b329b765fe93451fe14cf565b"},
    {file = "shapely-2.0.2-cp37-cp37m-manylinux_2_17_aarch64.manylinux2014_aarch64.whl", hash = "sha256:e7d897e6bdc6bc64f7f65155dbbb30e49acaabbd0d9266b9b4041f87d6e52b3a"},
    {file = "shapely-2.0.2-cp37-cp37m-manylinux_2_17_x86_64.manylinux2014_x86_64.whl", hash = "sha256:0521d76d1e8af01e712db71da9096b484f081e539d4f4a8c97342e7971d5e1b4"},
    {file = "shapely-2.0.2-cp37-cp37m-win32.whl", hash = "sha256:5324be299d4c533ecfcfd43424dfd12f9428fd6f12cda38a4316da001d6ef0ea"},
    {file = "shapely-2.0.2-cp37-cp37m-win_amd64.whl", hash = "sha256:78128357a0cee573257a0c2c388d4b7bf13cb7dbe5b3fe5d26d45ebbe2a39e25"},
    {file = "shapely-2.0.2-cp38-cp38-macosx_10_9_universal2.whl", hash = "sha256:87dc2be34ac3a3a4a319b963c507ac06682978a5e6c93d71917618b14f13066e"},
    {file = "shapely-2.0.2-cp38-cp38-macosx_10_9_x86_64.whl", hash = "sha256:42997ac806e4583dad51c80a32d38570fd9a3d4778f5e2c98f9090aa7db0fe91"},
    {file = "shapely-2.0.2-cp38-cp38-macosx_11_0_arm64.whl", hash = "sha256:ccfd5fa10a37e67dbafc601c1ddbcbbfef70d34c3f6b0efc866ddbdb55893a6c"},
    {file = "shapely-2.0.2-cp38-cp38-manylinux_2_17_aarch64.manylinux2014_aarch64.whl", hash = "sha256:e7c95d3379ae3abb74058938a9fcbc478c6b2e28d20dace38f8b5c587dde90aa"},
    {file = "shapely-2.0.2-cp38-cp38-manylinux_2_17_x86_64.manylinux2014_x86_64.whl", hash = "sha256:6a21353d28209fb0d8cc083e08ca53c52666e0d8a1f9bbe23b6063967d89ed24"},
    {file = "shapely-2.0.2-cp38-cp38-win32.whl", hash = "sha256:03e63a99dfe6bd3beb8d5f41ec2086585bb969991d603f9aeac335ad396a06d4"},
    {file = "shapely-2.0.2-cp38-cp38-win_amd64.whl", hash = "sha256:c6fd29fbd9cd76350bd5cc14c49de394a31770aed02d74203e23b928f3d2f1aa"},
    {file = "shapely-2.0.2-cp39-cp39-macosx_10_9_universal2.whl", hash = "sha256:1f217d28ecb48e593beae20a0082a95bd9898d82d14b8fcb497edf6bff9a44d7"},
    {file = "shapely-2.0.2-cp39-cp39-macosx_10_9_x86_64.whl", hash = "sha256:394e5085b49334fd5b94fa89c086edfb39c3ecab7f669e8b2a4298b9d523b3a5"},
    {file = "shapely-2.0.2-cp39-cp39-macosx_11_0_arm64.whl", hash = "sha256:fd3ad17b64466a033848c26cb5b509625c87d07dcf39a1541461cacdb8f7e91c"},
    {file = "shapely-2.0.2-cp39-cp39-manylinux_2_17_aarch64.manylinux2014_aarch64.whl", hash = "sha256:d41a116fcad58048d7143ddb01285e1a8780df6dc1f56c3b1e1b7f12ed296651"},
    {file = "shapely-2.0.2-cp39-cp39-manylinux_2_17_x86_64.manylinux2014_x86_64.whl", hash = "sha256:dea9a0651333cf96ef5bb2035044e3ad6a54f87d90e50fe4c2636debf1b77abc"},
    {file = "shapely-2.0.2-cp39-cp39-win32.whl", hash = "sha256:b8eb0a92f7b8c74f9d8fdd1b40d395113f59bd8132ca1348ebcc1f5aece94b96"},
    {file = "shapely-2.0.2-cp39-cp39-win_amd64.whl", hash = "sha256:794affd80ca0f2c536fc948a3afa90bd8fb61ebe37fe873483ae818e7f21def4"},
    {file = "shapely-2.0.2.tar.gz", hash = "sha256:1713cc04c171baffc5b259ba8531c58acc2a301707b7f021d88a15ed090649e7"},
]

[package.dependencies]
numpy = ">=1.14"

[package.extras]
docs = ["matplotlib", "numpydoc (==1.1.*)", "sphinx", "sphinx-book-theme", "sphinx-remove-toctrees"]
test = ["pytest", "pytest-cov"]

[metadata]
lock-version = "2.0"
python-versions = "3.12"
content-hash = "54aebbd3499bb56c5a30c69911b7d54e0296e91afd3638a8984a00a79026aca2"
